
Microsoft Visual Studio Solution File, Format Version 12.00
# Visual Studio Version 16
VisualStudioVersion = 16.0.31205.134
MinimumVisualStudioVersion = 10.0.40219.1
Project("{FAE04EC0-301F-11D3-BF4B-00C04F79EFBC}") = "TestSuite", "TestSuite\TestSuite.csproj", "{B1B1B3C6-22D2-4BC5-BE41-FF63EA79EF6F}"
EndProject
Project("{FAE04EC0-301F-11D3-BF4B-00C04F79EFBC}") = "ClassSuite", "ClassSuite\ClassSuite.csproj", "{58849843-197D-432F-8315-E2404E0474A3}"
EndProject
Global
	GlobalSection(SolutionConfigurationPlatforms) = preSolution
		Debug|Any CPU = Debug|Any CPU
		Release|Any CPU = Release|Any CPU
	EndGlobalSection
	GlobalSection(ProjectConfigurationPlatforms) = postSolution
		{B1B1B3C6-22D2-4BC5-BE41-FF63EA79EF6F}.Debug|Any CPU.ActiveCfg = Debug|Any CPU
		{B1B1B3C6-22D2-4BC5-BE41-FF63EA79EF6F}.Debug|Any CPU.Build.0 = Debug|Any CPU
		{B1B1B3C6-22D2-4BC5-BE41-FF63EA79EF6F}.Release|Any CPU.ActiveCfg = Release|Any CPU
		{B1B1B3C6-22D2-4BC5-BE41-FF63EA79EF6F}.Release|Any CPU.Build.0 = Release|Any CPU
		{58849843-197D-432F-8315-E2404E0474A3}.Debug|Any CPU.ActiveCfg = Debug|Any CPU
		{58849843-197D-432F-8315-E2404E0474A3}.Debug|Any CPU.Build.0 = Debug|Any CPU
		{58849843-197D-432F-8315-E2404E0474A3}.Release|Any CPU.ActiveCfg = Release|Any CPU
		{58849843-197D-432F-8315-E2404E0474A3}.Release|Any CPU.Build.0 = Release|Any CPU
	EndGlobalSection
	GlobalSection(SolutionProperties) = preSolution
		HideSolutionNode = FALSE
	EndGlobalSection
	GlobalSection(ExtensibilityGlobals) = postSolution
		SolutionGuid = {1A819982-4CB6-4EB9-8261-E70FC2EF0638}
	EndGlobalSection
EndGlobal
